// !$*UTF8*$!
{
	archiveVersion = 1;
	classes = {
	};
	objectVersion = 46;
	objects = {

/* Begin PBXBuildFile section */
		2E29DBD018C6744A008E2DE9 /* Foundation.framework in Frameworks */ = {isa = PBXBuildFile; fileRef = 2E29DBCF18C6744A008E2DE9 /* Foundation.framework */; };
		2E29DBD218C6744A008E2DE9 /* CoreGraphics.framework in Frameworks */ = {isa = PBXBuildFile; fileRef = 2E29DBD118C6744A008E2DE9 /* CoreGraphics.framework */; };
		2E29DBD418C6744A008E2DE9 /* UIKit.framework in Frameworks */ = {isa = PBXBuildFile; fileRef = 2E29DBD318C6744A008E2DE9 /* UIKit.framework */; };
		2E29DBDA18C6744A008E2DE9 /* InfoPlist.strings in Resources */ = {isa = PBXBuildFile; fileRef = 2E29DBD818C6744A008E2DE9 /* InfoPlist.strings */; };
		2E29DBDC18C6744A008E2DE9 /* main.m in Sources */ = {isa = PBXBuildFile; fileRef = 2E29DBDB18C6744A008E2DE9 /* main.m */; };
		2E29DBE018C6744A008E2DE9 /* GLBAppDelegate.m in Sources */ = {isa = PBXBuildFile; fileRef = 2E29DBDF18C6744A008E2DE9 /* GLBAppDelegate.m */; };
		2E29DBE318C6744A008E2DE9 /* Main.storyboard in Resources */ = {isa = PBXBuildFile; fileRef = 2E29DBE118C6744A008E2DE9 /* Main.storyboard */; };
		2E29DBE618C6744A008E2DE9 /* GLBViewController.m in Sources */ = {isa = PBXBuildFile; fileRef = 2E29DBE518C6744A008E2DE9 /* GLBViewController.m */; };
		2E29DBE818C6744A008E2DE9 /* Images.xcassets in Resources */ = {isa = PBXBuildFile; fileRef = 2E29DBE718C6744A008E2DE9 /* Images.xcassets */; };
		2E29DBEF18C6744A008E2DE9 /* XCTest.framework in Frameworks */ = {isa = PBXBuildFile; fileRef = 2E29DBEE18C6744A008E2DE9 /* XCTest.framework */; };
		2E29DBF018C6744A008E2DE9 /* Foundation.framework in Frameworks */ = {isa = PBXBuildFile; fileRef = 2E29DBCF18C6744A008E2DE9 /* Foundation.framework */; };
		2E29DBF118C6744A008E2DE9 /* UIKit.framework in Frameworks */ = {isa = PBXBuildFile; fileRef = 2E29DBD318C6744A008E2DE9 /* UIKit.framework */; };
		2E29DBF918C6744A008E2DE9 /* InfoPlist.strings in Resources */ = {isa = PBXBuildFile; fileRef = 2E29DBF718C6744A008E2DE9 /* InfoPlist.strings */; };
		2E29DBFB18C6744A008E2DE9 /* iBeaconReceiverTests.m in Sources */ = {isa = PBXBuildFile; fileRef = 2E29DBFA18C6744A008E2DE9 /* iBeaconReceiverTests.m */; };
		2E29DC0518C675D4008E2DE9 /* CoreLocation.framework in Frameworks */ = {isa = PBXBuildFile; fileRef = 2E29DC0418C675D4008E2DE9 /* CoreLocation.framework */; };
/* End PBXBuildFile section */

/* Begin PBXContainerItemProxy section */
		2E29DBF218C6744A008E2DE9 /* PBXContainerItemProxy */ = {
			isa = PBXContainerItemProxy;
			containerPortal = 2E29DBC418C6744A008E2DE9 /* Project object */;
			proxyType = 1;
			remoteGlobalIDString = 2E29DBCB18C6744A008E2DE9;
			remoteInfo = iBeaconReceiver;
		};
/* End PBXContainerItemProxy section */

/* Begin PBXFileReference section */
		2E29DBCC18C6744A008E2DE9 /* iBeaconReceiver.app */ = {isa = PBXFileReference; explicitFileType = wrapper.application; includeInIndex = 0; path = iBeaconReceiver.app; sourceTree = BUILT_PRODUCTS_DIR; };
		2E29DBCF18C6744A008E2DE9 /* Foundation.framework */ = {isa = PBXFileReference; lastKnownFileType = wrapper.framework; name = Foundation.framework; path = System/Library/Frameworks/Foundation.framework; sourceTree = SDKROOT; };
		2E29DBD118C6744A008E2DE9 /* CoreGraphics.framework */ = {isa = PBXFileReference; lastKnownFileType = wrapper.framework; name = CoreGraphics.framework; path = System/Library/Frameworks/CoreGraphics.framework; sourceTree = SDKROOT; };
		2E29DBD318C6744A008E2DE9 /* UIKit.framework */ = {isa = PBXFileReference; lastKnownFileType = wrapper.framework; name = UIKit.framework; path = System/Library/Frameworks/UIKit.framework; sourceTree = SDKROOT; };
		2E29DBD718C6744A008E2DE9 /* iBeaconReceiver-Info.plist */ = {isa = PBXFileReference; lastKnownFileType = text.plist.xml; path = "iBeaconReceiver-Info.plist"; sourceTree = "<group>"; };
		2E29DBD918C6744A008E2DE9 /* en */ = {isa = PBXFileReference; lastKnownFileType = text.plist.strings; name = en; path = en.lproj/InfoPlist.strings; sourceTree = "<group>"; };
		2E29DBDB18C6744A008E2DE9 /* main.m */ = {isa = PBXFileReference; lastKnownFileType = sourcecode.c.objc; path = main.m; sourceTree = "<group>"; };
		2E29DBDD18C6744A008E2DE9 /* iBeaconReceiver-Prefix.pch */ = {isa = PBXFileReference; lastKnownFileType = sourcecode.c.h; path = "iBeaconReceiver-Prefix.pch"; sourceTree = "<group>"; };
		2E29DBDE18C6744A008E2DE9 /* GLBAppDelegate.h */ = {isa = PBXFileReference; lastKnownFileType = sourcecode.c.h; path = GLBAppDelegate.h; sourceTree = "<group>"; };
		2E29DBDF18C6744A008E2DE9 /* GLBAppDelegate.m */ = {isa = PBXFileReference; lastKnownFileType = sourcecode.c.objc; path = GLBAppDelegate.m; sourceTree = "<group>"; };
		2E29DBE218C6744A008E2DE9 /* Base */ = {isa = PBXFileReference; lastKnownFileType = file.storyboard; name = Base; path = Base.lproj/Main.storyboard; sourceTree = "<group>"; };
		2E29DBE418C6744A008E2DE9 /* GLBViewController.h */ = {isa = PBXFileReference; lastKnownFileType = sourcecode.c.h; path = GLBViewController.h; sourceTree = "<group>"; };
		2E29DBE518C6744A008E2DE9 /* GLBViewController.m */ = {isa = PBXFileReference; lastKnownFileType = sourcecode.c.objc; path = GLBViewController.m; sourceTree = "<group>"; };
		2E29DBE718C6744A008E2DE9 /* Images.xcassets */ = {isa = PBXFileReference; lastKnownFileType = folder.assetcatalog; path = Images.xcassets; sourceTree = "<group>"; };
		2E29DBED18C6744A008E2DE9 /* iBeaconReceiverTests.xctest */ = {isa = PBXFileReference; explicitFileType = wrapper.cfbundle; includeInIndex = 0; path = iBeaconReceiverTests.xctest; sourceTree = BUILT_PRODUCTS_DIR; };
		2E29DBEE18C6744A008E2DE9 /* XCTest.framework */ = {isa = PBXFileReference; lastKnownFileType = wrapper.framework; name = XCTest.framework; path = Library/Frameworks/XCTest.framework; sourceTree = DEVELOPER_DIR; };
		2E29DBF618C6744A008E2DE9 /* iBeaconReceiverTests-Info.plist */ = {isa = PBXFileReference; lastKnownFileType = text.plist.xml; path = "iBeaconReceiverTests-Info.plist"; sourceTree = "<group>"; };
		2E29DBF818C6744A008E2DE9 /* en */ = {isa = PBXFileReference; lastKnownFileType = text.plist.strings; name = en; path = en.lproj/InfoPlist.strings; sourceTree = "<group>"; };
		2E29DBFA18C6744A008E2DE9 /* iBeaconReceiverTests.m */ = {isa = PBXFileReference; lastKnownFileType = sourcecode.c.objc; path = iBeaconReceiverTests.m; sourceTree = "<group>"; };
		2E29DC0418C675D4008E2DE9 /* CoreLocation.framework */ = {isa = PBXFileReference; lastKnownFileType = wrapper.framework; name = CoreLocation.framework; path = System/Library/Frameworks/CoreLocation.framework; sourceTree = SDKROOT; };
/* End PBXFileReference section */

/* Begin PBXFrameworksBuildPhase section */
		2E29DBC918C6744A008E2DE9 /* Frameworks */ = {
			isa = PBXFrameworksBuildPhase;
			buildActionMask = 2147483647;
			files = (
				2E29DC0518C675D4008E2DE9 /* CoreLocation.framework in Frameworks */,
				2E29DBD218C6744A008E2DE9 /* CoreGraphics.framework in Frameworks */,
				2E29DBD418C6744A008E2DE9 /* UIKit.framework in Frameworks */,
				2E29DBD018C6744A008E2DE9 /* Foundation.framework in Frameworks */,
			);
			runOnlyForDeploymentPostprocessing = 0;
		};
		2E29DBEA18C6744A008E2DE9 /* Frameworks */ = {
			isa = PBXFrameworksBuildPhase;
			buildActionMask = 2147483647;
			files = (
				2E29DBEF18C6744A008E2DE9 /* XCTest.framework in Frameworks */,
				2E29DBF118C6744A008E2DE9 /* UIKit.framework in Frameworks */,
				2E29DBF018C6744A008E2DE9 /* Foundation.framework in Frameworks */,
			);
			runOnlyForDeploymentPostprocessing = 0;
		};
/* End PBXFrameworksBuildPhase section */

/* Begin PBXGroup section */
		2E29DBC318C6744A008E2DE9 = {
			isa = PBXGroup;
			children = (
				2E29DBD518C6744A008E2DE9 /* iBeaconReceiver */,
				2E29DBF418C6744A008E2DE9 /* iBeaconReceiverTests */,
				2E29DBCE18C6744A008E2DE9 /* Frameworks */,
				2E29DBCD18C6744A008E2DE9 /* Products */,
			);
			sourceTree = "<group>";
		};
		2E29DBCD18C6744A008E2DE9 /* Products */ = {
			isa = PBXGroup;
			children = (
				2E29DBCC18C6744A008E2DE9 /* iBeaconReceiver.app */,
				2E29DBED18C6744A008E2DE9 /* iBeaconReceiverTests.xctest */,
			);
			name = Products;
			sourceTree = "<group>";
		};
		2E29DBCE18C6744A008E2DE9 /* Frameworks */ = {
			isa = PBXGroup;
			children = (
				2E29DC0418C675D4008E2DE9 /* CoreLocation.framework */,
				2E29DBCF18C6744A008E2DE9 /* Foundation.framework */,
				2E29DBD118C6744A008E2DE9 /* CoreGraphics.framework */,
				2E29DBD318C6744A008E2DE9 /* UIKit.framework */,
				2E29DBEE18C6744A008E2DE9 /* XCTest.framework */,
			);
			name = Frameworks;
			sourceTree = "<group>";
		};
		2E29DBD518C6744A008E2DE9 /* iBeaconReceiver */ = {
			isa = PBXGroup;
			children = (
				2E29DBDE18C6744A008E2DE9 /* GLBAppDelegate.h */,
				2E29DBDF18C6744A008E2DE9 /* GLBAppDelegate.m */,
				2E29DBE118C6744A008E2DE9 /* Main.storyboard */,
				2E29DBE418C6744A008E2DE9 /* GLBViewController.h */,
				2E29DBE518C6744A008E2DE9 /* GLBViewController.m */,
				2E29DBE718C6744A008E2DE9 /* Images.xcassets */,
				2E29DBD618C6744A008E2DE9 /* Supporting Files */,
			);
			path = iBeaconReceiver;
			sourceTree = "<group>";
		};
		2E29DBD618C6744A008E2DE9 /* Supporting Files */ = {
			isa = PBXGroup;
			children = (
				2E29DBD718C6744A008E2DE9 /* iBeaconReceiver-Info.plist */,
				2E29DBD818C6744A008E2DE9 /* InfoPlist.strings */,
				2E29DBDB18C6744A008E2DE9 /* main.m */,
				2E29DBDD18C6744A008E2DE9 /* iBeaconReceiver-Prefix.pch */,
			);
			name = "Supporting Files";
			sourceTree = "<group>";
		};
		2E29DBF418C6744A008E2DE9 /* iBeaconReceiverTests */ = {
			isa = PBXGroup;
			children = (
				2E29DBFA18C6744A008E2DE9 /* iBeaconReceiverTests.m */,
				2E29DBF518C6744A008E2DE9 /* Supporting Files */,
			);
			path = iBeaconReceiverTests;
			sourceTree = "<group>";
		};
		2E29DBF518C6744A008E2DE9 /* Supporting Files */ = {
			isa = PBXGroup;
			children = (
				2E29DBF618C6744A008E2DE9 /* iBeaconReceiverTests-Info.plist */,
				2E29DBF718C6744A008E2DE9 /* InfoPlist.strings */,
			);
			name = "Supporting Files";
			sourceTree = "<group>";
		};
/* End PBXGroup section */

/* Begin PBXNativeTarget section */
		2E29DBCB18C6744A008E2DE9 /* iBeaconReceiver */ = {
			isa = PBXNativeTarget;
			buildConfigurationList = 2E29DBFE18C6744A008E2DE9 /* Build configuration list for PBXNativeTarget "iBeaconReceiver" */;
			buildPhases = (
				2E29DBC818C6744A008E2DE9 /* Sources */,
				2E29DBC918C6744A008E2DE9 /* Frameworks */,
				2E29DBCA18C6744A008E2DE9 /* Resources */,
			);
			buildRules = (
			);
			dependencies = (
			);
			name = iBeaconReceiver;
			productName = iBeaconReceiver;
			productReference = 2E29DBCC18C6744A008E2DE9 /* iBeaconReceiver.app */;
			productType = "com.apple.product-type.application";
		};
		2E29DBEC18C6744A008E2DE9 /* iBeaconReceiverTests */ = {
			isa = PBXNativeTarget;
			buildConfigurationList = 2E29DC0118C6744A008E2DE9 /* Build configuration list for PBXNativeTarget "iBeaconReceiverTests" */;
			buildPhases = (
				2E29DBE918C6744A008E2DE9 /* Sources */,
				2E29DBEA18C6744A008E2DE9 /* Frameworks */,
				2E29DBEB18C6744A008E2DE9 /* Resources */,
			);
			buildRules = (
			);
			dependencies = (
				2E29DBF318C6744A008E2DE9 /* PBXTargetDependency */,
			);
			name = iBeaconReceiverTests;
			productName = iBeaconReceiverTests;
			productReference = 2E29DBED18C6744A008E2DE9 /* iBeaconReceiverTests.xctest */;
			productType = "com.apple.product-type.bundle.unit-test";
		};
/* End PBXNativeTarget section */

/* Begin PBXProject section */
		2E29DBC418C6744A008E2DE9 /* Project object */ = {
			isa = PBXProject;
			attributes = {
				CLASSPREFIX = GLB;
				LastUpgradeCheck = 0500;
				ORGANIZATIONNAME = "Camila Gaitan Mosquera";
				TargetAttributes = {
					2E29DBEC18C6744A008E2DE9 = {
						TestTargetID = 2E29DBCB18C6744A008E2DE9;
					};
				};
			};
			buildConfigurationList = 2E29DBC718C6744A008E2DE9 /* Build configuration list for PBXProject "iBeaconReceiver" */;
			compatibilityVersion = "Xcode 3.2";
			developmentRegion = English;
			hasScannedForEncodings = 0;
			knownRegions = (
				en,
				Base,
			);
			mainGroup = 2E29DBC318C6744A008E2DE9;
			productRefGroup = 2E29DBCD18C6744A008E2DE9 /* Products */;
			projectDirPath = "";
			projectRoot = "";
			targets = (
				2E29DBCB18C6744A008E2DE9 /* iBeaconReceiver */,
				2E29DBEC18C6744A008E2DE9 /* iBeaconReceiverTests */,
			);
		};
/* End PBXProject section */

/* Begin PBXResourcesBuildPhase section */
		2E29DBCA18C6744A008E2DE9 /* Resources */ = {
			isa = PBXResourcesBuildPhase;
			buildActionMask = 2147483647;
			files = (
				2E29DBE818C6744A008E2DE9 /* Images.xcassets in Resources */,
				2E29DBDA18C6744A008E2DE9 /* InfoPlist.strings in Resources */,
				2E29DBE318C6744A008E2DE9 /* Main.storyboard in Resources */,
			);
			runOnlyForDeploymentPostprocessing = 0;
		};
		2E29DBEB18C6744A008E2DE9 /* Resources */ = {
			isa = PBXResourcesBuildPhase;
			buildActionMask = 2147483647;
			files = (
				2E29DBF918C6744A008E2DE9 /* InfoPlist.strings in Resources */,
			);
			runOnlyForDeploymentPostprocessing = 0;
		};
/* End PBXResourcesBuildPhase section */

/* Begin PBXSourcesBuildPhase section */
		2E29DBC818C6744A008E2DE9 /* Sources */ = {
			isa = PBXSourcesBuildPhase;
			buildActionMask = 2147483647;
			files = (
				2E29DBE618C6744A008E2DE9 /* GLBViewController.m in Sources */,
				2E29DBE018C6744A008E2DE9 /* GLBAppDelegate.m in Sources */,
				2E29DBDC18C6744A008E2DE9 /* main.m in Sources */,
			);
			runOnlyForDeploymentPostprocessing = 0;
		};
		2E29DBE918C6744A008E2DE9 /* Sources */ = {
			isa = PBXSourcesBuildPhase;
			buildActionMask = 2147483647;
			files = (
				2E29DBFB18C6744A008E2DE9 /* iBeaconReceiverTests.m in Sources */,
			);
			runOnlyForDeploymentPostprocessing = 0;
		};
/* End PBXSourcesBuildPhase section */

/* Begin PBXTargetDependency section */
		2E29DBF318C6744A008E2DE9 /* PBXTargetDependency */ = {
			isa = PBXTargetDependency;
			target = 2E29DBCB18C6744A008E2DE9 /* iBeaconReceiver */;
			targetProxy = 2E29DBF218C6744A008E2DE9 /* PBXContainerItemProxy */;
		};
/* End PBXTargetDependency section */

/* Begin PBXVariantGroup section */
		2E29DBD818C6744A008E2DE9 /* InfoPlist.strings */ = {
			isa = PBXVariantGroup;
			children = (
				2E29DBD918C6744A008E2DE9 /* en */,
			);
			name = InfoPlist.strings;
			sourceTree = "<group>";
		};
		2E29DBE118C6744A008E2DE9 /* Main.storyboard */ = {
			isa = PBXVariantGroup;
			children = (
				2E29DBE218C6744A008E2DE9 /* Base */,
			);
			name = Main.storyboard;
			sourceTree = "<group>";
		};
		2E29DBF718C6744A008E2DE9 /* InfoPlist.strings */ = {
			isa = PBXVariantGroup;
			children = (
				2E29DBF818C6744A008E2DE9 /* en */,
			);
			name = InfoPlist.strings;
			sourceTree = "<group>";
		};
/* End PBXVariantGroup section */

/* Begin XCBuildConfiguration section */
		2E29DBFC18C6744A008E2DE9 /* Debug */ = {
			isa = XCBuildConfiguration;
			buildSettings = {
				ALWAYS_SEARCH_USER_PATHS = NO;
				ARCHS = "$(ARCHS_STANDARD_INCLUDING_64_BIT)";
				CLANG_CXX_LANGUAGE_STANDARD = "gnu++0x";
				CLANG_CXX_LIBRARY = "libc++";
				CLANG_ENABLE_MODULES = YES;
				CLANG_ENABLE_OBJC_ARC = YES;
				CLANG_WARN_BOOL_CONVERSION = YES;
				CLANG_WARN_CONSTANT_CONVERSION = YES;
				CLANG_WARN_DIRECT_OBJC_ISA_USAGE = YES_ERROR;
				CLANG_WARN_EMPTY_BODY = YES;
				CLANG_WARN_ENUM_CONVERSION = YES;
				CLANG_WARN_INT_CONVERSION = YES;
				CLANG_WARN_OBJC_ROOT_CLASS = YES_ERROR;
				CLANG_WARN__DUPLICATE_METHOD_MATCH = YES;
				"CODE_SIGN_IDENTITY[sdk=iphoneos*]" = "iPhone Developer";
				COPY_PHASE_STRIP = NO;
				GCC_C_LANGUAGE_STANDARD = gnu99;
				GCC_DYNAMIC_NO_PIC = NO;
				GCC_OPTIMIZATION_LEVEL = 0;
				GCC_PREPROCESSOR_DEFINITIONS = (
					"DEBUG=1",
					"$(inherited)",
				);
				GCC_SYMBOLS_PRIVATE_EXTERN = NO;
				GCC_WARN_64_TO_32_BIT_CONVERSION = YES;
				GCC_WARN_ABOUT_RETURN_TYPE = YES_ERROR;
				GCC_WARN_UNDECLARED_SELECTOR = YES;
				GCC_WARN_UNINITIALIZED_AUTOS = YES;
				GCC_WARN_UNUSED_FUNCTION = YES;
				GCC_WARN_UNUSED_VARIABLE = YES;
				IPHONEOS_DEPLOYMENT_TARGET = 7.0;
				ONLY_ACTIVE_ARCH = YES;
				SDKROOT = iphoneos;
			};
			name = Debug;
		};
		2E29DBFD18C6744A008E2DE9 /* Release */ = {
			isa = XCBuildConfiguration;
			buildSettings = {
				ALWAYS_SEARCH_USER_PATHS = NO;
				ARCHS = "$(ARCHS_STANDARD_INCLUDING_64_BIT)";
				CLANG_CXX_LANGUAGE_STANDARD = "gnu++0x";
				CLANG_CXX_LIBRARY = "libc++";
				CLANG_ENABLE_MODULES = YES;
				CLANG_ENABLE_OBJC_ARC = YES;
				CLANG_WARN_BOOL_CONVERSION = YES;
				CLANG_WARN_CONSTANT_CONVERSION = YES;
				CLANG_WARN_DIRECT_OBJC_ISA_USAGE = YES_ERROR;
				CLANG_WARN_EMPTY_BODY = YES;
				CLANG_WARN_ENUM_CONVERSION = YES;
				CLANG_WARN_INT_CONVERSION = YES;
				CLANG_WARN_OBJC_ROOT_CLASS = YES_ERROR;
				CLANG_WARN__DUPLICATE_METHOD_MATCH = YES;
				"CODE_SIGN_IDENTITY[sdk=iphoneos*]" = "iPhone Developer";
				COPY_PHASE_STRIP = YES;
				ENABLE_NS_ASSERTIONS = NO;
				GCC_C_LANGUAGE_STANDARD = gnu99;
				GCC_WARN_64_TO_32_BIT_CONVERSION = YES;
				GCC_WARN_ABOUT_RETURN_TYPE = YES_ERROR;
				GCC_WARN_UNDECLARED_SELECTOR = YES;
				GCC_WARN_UNINITIALIZED_AUTOS = YES;
				GCC_WARN_UNUSED_FUNCTION = YES;
				GCC_WARN_UNUSED_VARIABLE = YES;
				IPHONEOS_DEPLOYMENT_TARGET = 7.0;
				SDKROOT = iphoneos;
				VALIDATE_PRODUCT = YES;
			};
			name = Release;
		};
		2E29DBFF18C6744A008E2DE9 /* Debug */ = {
			isa = XCBuildConfiguration;
			buildSettings = {
				ASSETCATALOG_COMPILER_APPICON_NAME = AppIcon;
				ASSETCATALOG_COMPILER_LAUNCHIMAGE_NAME = LaunchImage;
				GCC_PRECOMPILE_PREFIX_HEADER = YES;
				GCC_PREFIX_HEADER = "iBeaconReceiver/iBeaconReceiver-Prefix.pch";
				INFOPLIST_FILE = "iBeaconReceiver/iBeaconReceiver-Info.plist";
				PRODUCT_NAME = "$(TARGET_NAME)";
				WRAPPER_EXTENSION = app;
			};
			name = Debug;
		};
		2E29DC0018C6744A008E2DE9 /* Release */ = {
			isa = XCBuildConfiguration;
			buildSettings = {
				ASSETCATALOG_COMPILER_APPICON_NAME = AppIcon;
				ASSETCATALOG_COMPILER_LAUNCHIMAGE_NAME = LaunchImage;
				GCC_PRECOMPILE_PREFIX_HEADER = YES;
				GCC_PREFIX_HEADER = "iBeaconReceiver/iBeaconReceiver-Prefix.pch";
				INFOPLIST_FILE = "iBeaconReceiver/iBeaconReceiver-Info.plist";
				PRODUCT_NAME = "$(TARGET_NAME)";
				WRAPPER_EXTENSION = app;
			};
			name = Release;
		};
		2E29DC0218C6744A008E2DE9 /* Debug */ = {
			isa = XCBuildConfiguration;
			buildSettings = {
				ARCHS = "$(ARCHS_STANDARD_INCLUDING_64_BIT)";
				BUNDLE_LOADER = "$(BUILT_PRODUCTS_DIR)/iBeaconReceiver.app/iBeaconReceiver";
				FRAMEWORK_SEARCH_PATHS = (
					"$(SDKROOT)/Developer/Library/Frameworks",
					"$(inherited)",
					"$(DEVELOPER_FRAMEWORKS_DIR)",
				);
				GCC_PRECOMPILE_PREFIX_HEADER = YES;
				GCC_PREFIX_HEADER = "iBeaconReceiver/iBeaconReceiver-Prefix.pch";
				GCC_PREPROCESSOR_DEFINITIONS = (
					"DEBUG=1",
					"$(inherited)",
				);
				INFOPLIST_FILE = "iBeaconReceiverTests/iBeaconReceiverTests-Info.plist";
				PRODUCT_NAME = "$(TARGET_NAME)";
				TEST_HOST = "$(BUNDLE_LOADER)";
				WRAPPER_EXTENSION = xctest;
			};
			name = Debug;
		};
		2E29DC0318C6744A008E2DE9 /* Release */ = {
			isa = XCBuildConfiguration;
			buildSettings = {
				ARCHS = "$(ARCHS_STANDARD_INCLUDING_64_BIT)";
				BUNDLE_LOADER = "$(BUILT_PRODUCTS_DIR)/iBeaconReceiver.app/iBeaconReceiver";
				FRAMEWORK_SEARCH_PATHS = (
					"$(SDKROOT)/Developer/Library/Frameworks",
					"$(inherited)",
					"$(DEVELOPER_FRAMEWORKS_DIR)",
				);
				GCC_PRECOMPILE_PREFIX_HEADER = YES;
				GCC_PREFIX_HEADER = "iBeaconReceiver/iBeaconReceiver-Prefix.pch";
				INFOPLIST_FILE = "iBeaconReceiverTests/iBeaconReceiverTests-Info.plist";
				PRODUCT_NAME = "$(TARGET_NAME)";
				TEST_HOST = "$(BUNDLE_LOADER)";
				WRAPPER_EXTENSION = xctest;
			};
			name = Release;
		};
/* End XCBuildConfiguration section */

/* Begin XCConfigurationList section */
		2E29DBC718C6744A008E2DE9 /* Build configuration list for PBXProject "iBeaconReceiver" */ = {
			isa = XCConfigurationList;
			buildConfigurations = (
				2E29DBFC18C6744A008E2DE9 /* Debug */,
				2E29DBFD18C6744A008E2DE9 /* Release */,
			);
			defaultConfigurationIsVisible = 0;
			defaultConfigurationName = Release;
		};
		2E29DBFE18C6744A008E2DE9 /* Build configuration list for PBXNativeTarget "iBeaconReceiver" */ = {
			isa = XCConfigurationList;
			buildConfigurations = (
				2E29DBFF18C6744A008E2DE9 /* Debug */,
				2E29DC0018C6744A008E2DE9 /* Release */,
			);
			defaultConfigurationIsVisible = 0;
		};
		2E29DC0118C6744A008E2DE9 /* Build configuration list for PBXNativeTarget "iBeaconReceiverTests" */ = {
			isa = XCConfigurationList;
			buildConfigurations = (
				2E29DC0218C6744A008E2DE9 /* Debug */,
				2E29DC0318C6744A008E2DE9 /* Release */,
			);
			defaultConfigurationIsVisible = 0;
		};
/* End XCConfigurationList section */
	};
	rootObject = 2E29DBC418C6744A008E2DE9 /* Project object */;
}
